
Microsoft Visual Studio Solution File, Format Version 12.00
# Visual Studio 14
VisualStudioVersion = 14.0.25123.0
MinimumVisualStudioVersion = 10.0.40219.1
Project("{FAE04EC0-301F-11D3-BF4B-00C04F79EFBC}") = "Ceto", "Ceto.csproj", "{CA7173F0-8641-47BA-A9EE-BF27A0CE2CA4}"
EndProject
Project("{FAE04EC0-301F-11D3-BF4B-00C04F79EFBC}") = "CetoTests", "..\CetoTests\CetoTests.csproj", "{BC29F546-4002-4767-8053-32178F8636D6}"
EndProject
Project("{FAE04EC0-301F-11D3-BF4B-00C04F79EFBC}") = "CetoLearner", "..\CetoLearner\CetoLearner.csproj", "{51E275CA-B960-4E43-8EF5-514EDD1707E2}"
EndProject
Project("{FAE04EC0-301F-11D3-BF4B-00C04F79EFBC}") = "CetoLearnerTests", "..\CetoLearnerTests\CetoLearnerTests.csproj", "{CA9F706F-6097-47D1-A305-7977A50E2F5C}"
EndProject
Global
	GlobalSection(SolutionConfigurationPlatforms) = preSolution
		Debug|Any CPU = Debug|Any CPU
		Release|Any CPU = Release|Any CPU
	EndGlobalSection
	GlobalSection(ProjectConfigurationPlatforms) = postSolution
		{CA7173F0-8641-47BA-A9EE-BF27A0CE2CA4}.Debug|Any CPU.ActiveCfg = Debug|Any CPU
		{CA7173F0-8641-47BA-A9EE-BF27A0CE2CA4}.Debug|Any CPU.Build.0 = Debug|Any CPU
		{CA7173F0-8641-47BA-A9EE-BF27A0CE2CA4}.Release|Any CPU.ActiveCfg = Release|Any CPU
		{CA7173F0-8641-47BA-A9EE-BF27A0CE2CA4}.Release|Any CPU.Build.0 = Release|Any CPU
		{BC29F546-4002-4767-8053-32178F8636D6}.Debug|Any CPU.ActiveCfg = Debug|Any CPU
		{BC29F546-4002-4767-8053-32178F8636D6}.Debug|Any CPU.Build.0 = Debug|Any CPU
		{BC29F546-4002-4767-8053-32178F8636D6}.Release|Any CPU.ActiveCfg = Release|Any CPU
		{BC29F546-4002-4767-8053-32178F8636D6}.Release|Any CPU.Build.0 = Release|Any CPU
		{51E275CA-B960-4E43-8EF5-514EDD1707E2}.Debug|Any CPU.ActiveCfg = Debug|Any CPU
		{51E275CA-B960-4E43-8EF5-514EDD1707E2}.Debug|Any CPU.Build.0 = Debug|Any CPU
		{51E275CA-B960-4E43-8EF5-514EDD1707E2}.Release|Any CPU.ActiveCfg = Release|Any CPU
		{51E275CA-B960-4E43-8EF5-514EDD1707E2}.Release|Any CPU.Build.0 = Release|Any CPU
		{CA9F706F-6097-47D1-A305-7977A50E2F5C}.Debug|Any CPU.ActiveCfg = Debug|Any CPU
		{CA9F706F-6097-47D1-A305-7977A50E2F5C}.Debug|Any CPU.Build.0 = Debug|Any CPU
		{CA9F706F-6097-47D1-A305-7977A50E2F5C}.Release|Any CPU.ActiveCfg = Release|Any CPU
		{CA9F706F-6097-47D1-A305-7977A50E2F5C}.Release|Any CPU.Build.0 = Release|Any CPU
	EndGlobalSection
	GlobalSection(SolutionProperties) = preSolution
		HideSolutionNode = FALSE
	EndGlobalSection
EndGlobal
